
Microsoft Visual Studio Solution File, Format Version 12.00
# Visual Studio Version 17
VisualStudioVersion = 17.10.35027.167
MinimumVisualStudioVersion = 10.0.40219.1
Project("{FAE04EC0-301F-11D3-BF4B-00C04F79EFBC}") = "homework5", "homework5.csproj", "{CA73FDAC-ECC6-4A0F-915E-77E5AB5284B4}"
EndProject
Global
	GlobalSection(SolutionConfigurationPlatforms) = preSolution
		Debug|Any CPU = Debug|Any CPU
		Release|Any CPU = Release|Any CPU
	EndGlobalSection
	GlobalSection(ProjectConfigurationPlatforms) = postSolution
		{CA73FDAC-ECC6-4A0F-915E-77E5AB5284B4}.Debug|Any CPU.ActiveCfg = Debug|Any CPU
		{CA73FDAC-ECC6-4A0F-915E-77E5AB5284B4}.Debug|Any CPU.Build.0 = Debug|Any CPU
		{CA73FDAC-ECC6-4A0F-915E-77E5AB5284B4}.Release|Any CPU.ActiveCfg = Release|Any CPU
		{CA73FDAC-ECC6-4A0F-915E-77E5AB5284B4}.Release|Any CPU.Build.0 = Release|Any CPU
	EndGlobalSection
	GlobalSection(SolutionProperties) = preSolution
		HideSolutionNode = FALSE
	EndGlobalSection
	GlobalSection(ExtensibilityGlobals) = postSolution
		SolutionGuid = {BDE85503-1797-4060-A105-C21E3C4CF2D3}
	EndGlobalSection
EndGlobal
